
Microsoft Visual Studio Solution File, Format Version 12.00
# Visual Studio 15
VisualStudioVersion = 15.0.28307.438
MinimumVisualStudioVersion = 10.0.40219.1
Project("{FAE04EC0-301F-11D3-BF4B-00C04F79EFBC}") = "WebApplication1", "WebApplication1\WebApplication1.csproj", "{ADBED5B3-C324-4509-8B13-49F9C93F63E9}"
EndProject
Global
	GlobalSection(SolutionConfigurationPlatforms) = preSolution
		Debug|Any CPU = Debug|Any CPU
		Release|Any CPU = Release|Any CPU
	EndGlobalSection
	GlobalSection(ProjectConfigurationPlatforms) = postSolution
		{ADBED5B3-C324-4509-8B13-49F9C93F63E9}.Debug|Any CPU.ActiveCfg = Debug|Any CPU
		{ADBED5B3-C324-4509-8B13-49F9C93F63E9}.Debug|Any CPU.Build.0 = Debug|Any CPU
		{ADBED5B3-C324-4509-8B13-49F9C93F63E9}.Release|Any CPU.ActiveCfg = Release|Any CPU
		{ADBED5B3-C324-4509-8B13-49F9C93F63E9}.Release|Any CPU.Build.0 = Release|Any CPU
	EndGlobalSection
	GlobalSection(SolutionProperties) = preSolution
		HideSolutionNode = FALSE
	EndGlobalSection
	GlobalSection(ExtensibilityGlobals) = postSolution
		SolutionGuid = {083475FE-0030-4E4D-8A95-98B258643BE4}
	EndGlobalSection
EndGlobal
